// !$*UTF8*$!
{
	archiveVersion = 1;
	classes = {
	};
	objectVersion = 56;
	objects = {

/* Begin PBXBuildFile section */
		FA765F282C44C5DA004CB0BA /* AppDelegate.swift in Sources */ = {isa = PBXBuildFile; fileRef = FA765F272C44C5DA004CB0BA /* AppDelegate.swift */; };
		FA765F2C2C44C5DB004CB0BA /* ViewController.swift in Sources */ = {isa = PBXBuildFile; fileRef = FA765F2B2C44C5DA004CB0BA /* ViewController.swift */; };
		FA765F2F2C44C5DB004CB0BA /* Base in Resources */ = {isa = PBXBuildFile; fileRef = FA765F2E2C44C5DB004CB0BA /* Base */; };
		FA765F312C44C5DD004CB0BA /* Assets.xcassets in Resources */ = {isa = PBXBuildFile; fileRef = FA765F302C44C5DD004CB0BA /* Assets.xcassets */; };
		FA765F342C44C5DD004CB0BA /* Base in Resources */ = {isa = PBXBuildFile; fileRef = FA765F332C44C5DD004CB0BA /* Base */; };
		FA765F3D2C44C61B004CB0BA /* EmojiKeyboard.swift in Sources */ = {isa = PBXBuildFile; fileRef = FA765F3B2C44C61B004CB0BA /* EmojiKeyboard.swift */; };
		FA765F3E2C44C61B004CB0BA /* EmojiKeyboardView.xib in Resources */ = {isa = PBXBuildFile; fileRef = FA765F3C2C44C61B004CB0BA /* EmojiKeyboardView.xib */; };
		FA765F412C44C71C004CB0BA /* SDWebImage in Frameworks */ = {isa = PBXBuildFile; productRef = FA765F402C44C71C004CB0BA /* SDWebImage */; };
		FA765F432C44C71C004CB0BA /* SDWebImageMapKit in Frameworks */ = {isa = PBXBuildFile; productRef = FA765F422C44C71C004CB0BA /* SDWebImageMapKit */; };
		FA765F452C44C807004CB0BA /* NibInstantiatable.swift in Sources */ = {isa = PBXBuildFile; fileRef = FA765F442C44C807004CB0BA /* NibInstantiatable.swift */; };
		FA765F502C44C9CC004CB0BA /* KeyboardLayoutGuide in Frameworks */ = {isa = PBXBuildFile; productRef = FA765F4F2C44C9CC004CB0BA /* KeyboardLayoutGuide */; };
		FA765F532C44CBB5004CB0BA /* UIExtensions in Frameworks */ = {isa = PBXBuildFile; productRef = FA765F522C44CBB5004CB0BA /* UIExtensions */; };
		FA765F552C44CD64004CB0BA /* Emojis.bundle in Resources */ = {isa = PBXBuildFile; fileRef = FA765F542C44CD64004CB0BA /* Emojis.bundle */; };
		FA765F572C44D0B4004CB0BA /* FlexibleTextView.swift in Sources */ = {isa = PBXBuildFile; fileRef = FA765F562C44D0B4004CB0BA /* FlexibleTextView.swift */; };
		FA765F592C44D165004CB0BA /* DisplayLinkHandler.swift in Sources */ = {isa = PBXBuildFile; fileRef = FA765F582C44D165004CB0BA /* DisplayLinkHandler.swift */; };
		FA765F5B2C44F322004CB0BA /* EmojiKeyboardView.swift in Sources */ = {isa = PBXBuildFile; fileRef = FA765F5A2C44F322004CB0BA /* EmojiKeyboardView.swift */; };
		FA765F6D2C46204F004CB0BA /* CustomInputAccessoryView.swift in Sources */ = {isa = PBXBuildFile; fileRef = FA765F6C2C46204F004CB0BA /* CustomInputAccessoryView.swift */; };
		FA765F6F2C46205A004CB0BA /* CustomInputAccessoryView.xib in Resources */ = {isa = PBXBuildFile; fileRef = FA765F6E2C46205A004CB0BA /* CustomInputAccessoryView.xib */; };
		FAEB25272C4907470035AA29 /* GIF.plist in Resources */ = {isa = PBXBuildFile; fileRef = FAEB25122C4907470035AA29 /* GIF.plist */; };
		FAEB25282C4907470035AA29 /* img_00.gif in Resources */ = {isa = PBXBuildFile; fileRef = FAEB25132C4907470035AA29 /* img_00.gif */; };
		FAEB25292C4907470035AA29 /* img_01.gif in Resources */ = {isa = PBXBuildFile; fileRef = FAEB25142C4907470035AA29 /* img_01.gif */; };
		FAEB252A2C4907470035AA29 /* img_02.gif in Resources */ = {isa = PBXBuildFile; fileRef = FAEB25152C4907470035AA29 /* img_02.gif */; };
		FAEB252B2C4907470035AA29 /* img_03.gif in Resources */ = {isa = PBXBuildFile; fileRef = FAEB25162C4907470035AA29 /* img_03.gif */; };
		FAEB252C2C4907470035AA29 /* img_04.gif in Resources */ = {isa = PBXBuildFile; fileRef = FAEB25172C4907470035AA29 /* img_04.gif */; };
		FAEB252D2C4907470035AA29 /* img_05.gif in Resources */ = {isa = PBXBuildFile; fileRef = FAEB25182C4907470035AA29 /* img_05.gif */; };
		FAEB252E2C4907470035AA29 /* img_06.gif in Resources */ = {isa = PBXBuildFile; fileRef = FAEB25192C4907470035AA29 /* img_06.gif */; };
		FAEB252F2C4907470035AA29 /* img_07.gif in Resources */ = {isa = PBXBuildFile; fileRef = FAEB251A2C4907470035AA29 /* img_07.gif */; };
		FAEB25302C4907470035AA29 /* img_08.gif in Resources */ = {isa = PBXBuildFile; fileRef = FAEB251B2C4907470035AA29 /* img_08.gif */; };
		FAEB25312C4907470035AA29 /* img_09.gif in Resources */ = {isa = PBXBuildFile; fileRef = FAEB251C2C4907470035AA29 /* img_09.gif */; };
		FAEB25322C4907470035AA29 /* img_010.gif in Resources */ = {isa = PBXBuildFile; fileRef = FAEB251D2C4907470035AA29 /* img_010.gif */; };
		FAEB25332C4907470035AA29 /* img_011.gif in Resources */ = {isa = PBXBuildFile; fileRef = FAEB251E2C4907470035AA29 /* img_011.gif */; };
		FAEB25342C4907470035AA29 /* img_012.gif in Resources */ = {isa = PBXBuildFile; fileRef = FAEB251F2C4907470035AA29 /* img_012.gif */; };
		FAEB25352C4907470035AA29 /* img_013.gif in Resources */ = {isa = PBXBuildFile; fileRef = FAEB25202C4907470035AA29 /* img_013.gif */; };
		FAEB25362C4907470035AA29 /* img_014.gif in Resources */ = {isa = PBXBuildFile; fileRef = FAEB25212C4907470035AA29 /* img_014.gif */; };
		FAEB25372C4907470035AA29 /* img_015.gif in Resources */ = {isa = PBXBuildFile; fileRef = FAEB25222C4907470035AA29 /* img_015.gif */; };
		FAEB25382C4907470035AA29 /* img_016.gif in Resources */ = {isa = PBXBuildFile; fileRef = FAEB25232C4907470035AA29 /* img_016.gif */; };
		FAEB25392C4907470035AA29 /* img_017.gif in Resources */ = {isa = PBXBuildFile; fileRef = FAEB25242C4907470035AA29 /* img_017.gif */; };
		FAEB253A2C4907470035AA29 /* img_018.gif in Resources */ = {isa = PBXBuildFile; fileRef = FAEB25252C4907470035AA29 /* img_018.gif */; };
		FAEB25462C4907D70035AA29 /* em002.webp in Resources */ = {isa = PBXBuildFile; fileRef = FAEB253C2C4907D60035AA29 /* em002.webp */; };
		FAEB25472C4907D70035AA29 /* em008.webp in Resources */ = {isa = PBXBuildFile; fileRef = FAEB253D2C4907D60035AA29 /* em008.webp */; };
		FAEB25482C4907D70035AA29 /* em006.webp in Resources */ = {isa = PBXBuildFile; fileRef = FAEB253E2C4907D60035AA29 /* em006.webp */; };
		FAEB25492C4907D70035AA29 /* em007.webp in Resources */ = {isa = PBXBuildFile; fileRef = FAEB253F2C4907D70035AA29 /* em007.webp */; };
		FAEB254A2C4907D70035AA29 /* em010.webp in Resources */ = {isa = PBXBuildFile; fileRef = FAEB25402C4907D70035AA29 /* em010.webp */; };
		FAEB254B2C4907D70035AA29 /* em003.webp in Resources */ = {isa = PBXBuildFile; fileRef = FAEB25412C4907D70035AA29 /* em003.webp */; };
		FAEB254C2C4907D70035AA29 /* em009.webp in Resources */ = {isa = PBXBuildFile; fileRef = FAEB25422C4907D70035AA29 /* em009.webp */; };
		FAEB254D2C4907D70035AA29 /* em005.webp in Resources */ = {isa = PBXBuildFile; fileRef = FAEB25432C4907D70035AA29 /* em005.webp */; };
		FAEB254E2C4907D70035AA29 /* em004.webp in Resources */ = {isa = PBXBuildFile; fileRef = FAEB25442C4907D70035AA29 /* em004.webp */; };
		FAEB254F2C4907D70035AA29 /* em001.webp in Resources */ = {isa = PBXBuildFile; fileRef = FAEB25452C4907D70035AA29 /* em001.webp */; };
		FAEB25522C4908D60035AA29 /* SDWebImageWebPCoder in Frameworks */ = {isa = PBXBuildFile; productRef = FAEB25512C4908D60035AA29 /* SDWebImageWebPCoder */; };
		FAEB25802C4E441C0035AA29 /* Utils.swift in Sources */ = {isa = PBXBuildFile; fileRef = FAEB257F2C4E441C0035AA29 /* Utils.swift */; };
		FAEB25832C4E48420035AA29 /* Algorithms in Frameworks */ = {isa = PBXBuildFile; productRef = FAEB25822C4E48420035AA29 /* Algorithms */; };
/* End PBXBuildFile section */

/* Begin PBXFileReference section */
		FA765F242C44C5DA004CB0BA /* EmojiKeyboardDemo.app */ = {isa = PBXFileReference; explicitFileType = wrapper.application; includeInIndex = 0; path = EmojiKeyboardDemo.app; sourceTree = BUILT_PRODUCTS_DIR; };
		FA765F272C44C5DA004CB0BA /* AppDelegate.swift */ = {isa = PBXFileReference; lastKnownFileType = sourcecode.swift; path = AppDelegate.swift; sourceTree = "<group>"; };
		FA765F2B2C44C5DA004CB0BA /* ViewController.swift */ = {isa = PBXFileReference; lastKnownFileType = sourcecode.swift; path = ViewController.swift; sourceTree = "<group>"; };
		FA765F2E2C44C5DB004CB0BA /* Base */ = {isa = PBXFileReference; lastKnownFileType = file.storyboard; name = Base; path = Base.lproj/Main.storyboard; sourceTree = "<group>"; };
		FA765F302C44C5DD004CB0BA /* Assets.xcassets */ = {isa = PBXFileReference; lastKnownFileType = folder.assetcatalog; path = Assets.xcassets; sourceTree = "<group>"; };
		FA765F332C44C5DD004CB0BA /* Base */ = {isa = PBXFileReference; lastKnownFileType = file.storyboard; name = Base; path = Base.lproj/LaunchScreen.storyboard; sourceTree = "<group>"; };
		FA765F352C44C5DD004CB0BA /* Info.plist */ = {isa = PBXFileReference; lastKnownFileType = text.plist.xml; path = Info.plist; sourceTree = "<group>"; };
		FA765F3B2C44C61B004CB0BA /* EmojiKeyboard.swift */ = {isa = PBXFileReference; fileEncoding = 4; lastKnownFileType = sourcecode.swift; path = EmojiKeyboard.swift; sourceTree = "<group>"; };
		FA765F3C2C44C61B004CB0BA /* EmojiKeyboardView.xib */ = {isa = PBXFileReference; fileEncoding = 4; lastKnownFileType = file.xib; path = EmojiKeyboardView.xib; sourceTree = "<group>"; };
		FA765F442C44C807004CB0BA /* NibInstantiatable.swift */ = {isa = PBXFileReference; fileEncoding = 4; lastKnownFileType = sourcecode.swift; path = NibInstantiatable.swift; sourceTree = "<group>"; };
		FA765F542C44CD64004CB0BA /* Emojis.bundle */ = {isa = PBXFileReference; lastKnownFileType = "wrapper.plug-in"; path = Emojis.bundle; sourceTree = "<group>"; };
		FA765F562C44D0B4004CB0BA /* FlexibleTextView.swift */ = {isa = PBXFileReference; fileEncoding = 4; lastKnownFileType = sourcecode.swift; path = FlexibleTextView.swift; sourceTree = "<group>"; };
		FA765F582C44D165004CB0BA /* DisplayLinkHandler.swift */ = {isa = PBXFileReference; fileEncoding = 4; lastKnownFileType = sourcecode.swift; path = DisplayLinkHandler.swift; sourceTree = "<group>"; };
		FA765F5A2C44F322004CB0BA /* EmojiKeyboardView.swift */ = {isa = PBXFileReference; lastKnownFileType = sourcecode.swift; path = EmojiKeyboardView.swift; sourceTree = "<group>"; };
		FA765F6C2C46204F004CB0BA /* CustomInputAccessoryView.swift */ = {isa = PBXFileReference; lastKnownFileType = sourcecode.swift; path = CustomInputAccessoryView.swift; sourceTree = "<group>"; };
		FA765F6E2C46205A004CB0BA /* CustomInputAccessoryView.xib */ = {isa = PBXFileReference; lastKnownFileType = file.xib; path = CustomInputAccessoryView.xib; sourceTree = "<group>"; };
		FAEB25122C4907470035AA29 /* GIF.plist */ = {isa = PBXFileReference; fileEncoding = 4; lastKnownFileType = text.plist.xml; path = GIF.plist; sourceTree = "<group>"; };
		FAEB25132C4907470035AA29 /* img_00.gif */ = {isa = PBXFileReference; lastKnownFileType = image.gif; path = img_00.gif; sourceTree = "<group>"; };
		FAEB25142C4907470035AA29 /* img_01.gif */ = {isa = PBXFileReference; lastKnownFileType = image.gif; path = img_01.gif; sourceTree = "<group>"; };
		FAEB25152C4907470035AA29 /* img_02.gif */ = {isa = PBXFileReference; lastKnownFileType = image.gif; path = img_02.gif; sourceTree = "<group>"; };
		FAEB25162C4907470035AA29 /* img_03.gif */ = {isa = PBXFileReference; lastKnownFileType = image.gif; path = img_03.gif; sourceTree = "<group>"; };
		FAEB25172C4907470035AA29 /* img_04.gif */ = {isa = PBXFileReference; lastKnownFileType = image.gif; path = img_04.gif; sourceTree = "<group>"; };
		FAEB25182C4907470035AA29 /* img_05.gif */ = {isa = PBXFileReference; lastKnownFileType = image.gif; path = img_05.gif; sourceTree = "<group>"; };
		FAEB25192C4907470035AA29 /* img_06.gif */ = {isa = PBXFileReference; lastKnownFileType = image.gif; path = img_06.gif; sourceTree = "<group>"; };
		FAEB251A2C4907470035AA29 /* img_07.gif */ = {isa = PBXFileReference; lastKnownFileType = image.gif; path = img_07.gif; sourceTree = "<group>"; };
		FAEB251B2C4907470035AA29 /* img_08.gif */ = {isa = PBXFileReference; lastKnownFileType = image.gif; path = img_08.gif; sourceTree = "<group>"; };
		FAEB251C2C4907470035AA29 /* img_09.gif */ = {isa = PBXFileReference; lastKnownFileType = image.gif; path = img_09.gif; sourceTree = "<group>"; };
		FAEB251D2C4907470035AA29 /* img_010.gif */ = {isa = PBXFileReference; lastKnownFileType = image.gif; path = img_010.gif; sourceTree = "<group>"; };
		FAEB251E2C4907470035AA29 /* img_011.gif */ = {isa = PBXFileReference; lastKnownFileType = image.gif; path = img_011.gif; sourceTree = "<group>"; };
		FAEB251F2C4907470035AA29 /* img_012.gif */ = {isa = PBXFileReference; lastKnownFileType = image.gif; path = img_012.gif; sourceTree = "<group>"; };
		FAEB25202C4907470035AA29 /* img_013.gif */ = {isa = PBXFileReference; lastKnownFileType = image.gif; path = img_013.gif; sourceTree = "<group>"; };
		FAEB25212C4907470035AA29 /* img_014.gif */ = {isa = PBXFileReference; lastKnownFileType = image.gif; path = img_014.gif; sourceTree = "<group>"; };
		FAEB25222C4907470035AA29 /* img_015.gif */ = {isa = PBXFileReference; lastKnownFileType = image.gif; path = img_015.gif; sourceTree = "<group>"; };
		FAEB25232C4907470035AA29 /* img_016.gif */ = {isa = PBXFileReference; lastKnownFileType = image.gif; path = img_016.gif; sourceTree = "<group>"; };
		FAEB25242C4907470035AA29 /* img_017.gif */ = {isa = PBXFileReference; lastKnownFileType = image.gif; path = img_017.gif; sourceTree = "<group>"; };
		FAEB25252C4907470035AA29 /* img_018.gif */ = {isa = PBXFileReference; lastKnownFileType = image.gif; path = img_018.gif; sourceTree = "<group>"; };
		FAEB253C2C4907D60035AA29 /* em002.webp */ = {isa = PBXFileReference; lastKnownFileType = file; path = em002.webp; sourceTree = "<group>"; };
		FAEB253D2C4907D60035AA29 /* em008.webp */ = {isa = PBXFileReference; lastKnownFileType = file; path = em008.webp; sourceTree = "<group>"; };
		FAEB253E2C4907D60035AA29 /* em006.webp */ = {isa = PBXFileReference; lastKnownFileType = file; path = em006.webp; sourceTree = "<group>"; };
		FAEB253F2C4907D70035AA29 /* em007.webp */ = {isa = PBXFileReference; lastKnownFileType = file; path = em007.webp; sourceTree = "<group>"; };
		FAEB25402C4907D70035AA29 /* em010.webp */ = {isa = PBXFileReference; lastKnownFileType = file; path = em010.webp; sourceTree = "<group>"; };
		FAEB25412C4907D70035AA29 /* em003.webp */ = {isa = PBXFileReference; lastKnownFileType = file; path = em003.webp; sourceTree = "<group>"; };
		FAEB25422C4907D70035AA29 /* em009.webp */ = {isa = PBXFileReference; lastKnownFileType = file; path = em009.webp; sourceTree = "<group>"; };
		FAEB25432C4907D70035AA29 /* em005.webp */ = {isa = PBXFileReference; lastKnownFileType = file; path = em005.webp; sourceTree = "<group>"; };
		FAEB25442C4907D70035AA29 /* em004.webp */ = {isa = PBXFileReference; lastKnownFileType = file; path = em004.webp; sourceTree = "<group>"; };
		FAEB25452C4907D70035AA29 /* em001.webp */ = {isa = PBXFileReference; lastKnownFileType = file; path = em001.webp; sourceTree = "<group>"; };
		FAEB257F2C4E441C0035AA29 /* Utils.swift */ = {isa = PBXFileReference; lastKnownFileType = sourcecode.swift; path = Utils.swift; sourceTree = "<group>"; };
/* End PBXFileReference section */

/* Begin PBXFrameworksBuildPhase section */
		FA765F212C44C5DA004CB0BA /* Frameworks */ = {
			isa = PBXFrameworksBuildPhase;
			buildActionMask = 2147483647;
			files = (
				FAEB25832C4E48420035AA29 /* Algorithms in Frameworks */,
				FA765F432C44C71C004CB0BA /* SDWebImageMapKit in Frameworks */,
				FA765F502C44C9CC004CB0BA /* KeyboardLayoutGuide in Frameworks */,
				FA765F532C44CBB5004CB0BA /* UIExtensions in Frameworks */,
				FAEB25522C4908D60035AA29 /* SDWebImageWebPCoder in Frameworks */,
				FA765F412C44C71C004CB0BA /* SDWebImage in Frameworks */,
			);
			runOnlyForDeploymentPostprocessing = 0;
		};
/* End PBXFrameworksBuildPhase section */

/* Begin PBXGroup section */
		FA765F1B2C44C5DA004CB0BA = {
			isa = PBXGroup;
			children = (
				FA765F262C44C5DA004CB0BA /* EmojiKeyboardDemo */,
				FA765F252C44C5DA004CB0BA /* Products */,
			);
			sourceTree = "<group>";
		};
		FA765F252C44C5DA004CB0BA /* Products */ = {
			isa = PBXGroup;
			children = (
				FA765F242C44C5DA004CB0BA /* EmojiKeyboardDemo.app */,
			);
			name = Products;
			sourceTree = "<group>";
		};
		FA765F262C44C5DA004CB0BA /* EmojiKeyboardDemo */ = {
			isa = PBXGroup;
			children = (
				FAEB253B2C4907B50035AA29 /* WebP */,
				FAEB25262C4907470035AA29 /* GIF */,
				FA765F702C465E5B004CB0BA /* Resource */,
				FA765F272C44C5DA004CB0BA /* AppDelegate.swift */,
				FA765F2B2C44C5DA004CB0BA /* ViewController.swift */,
				FA765F2D2C44C5DB004CB0BA /* Main.storyboard */,
				FA765F302C44C5DD004CB0BA /* Assets.xcassets */,
				FA765F542C44CD64004CB0BA /* Emojis.bundle */,
				FA765F322C44C5DD004CB0BA /* LaunchScreen.storyboard */,
				FA765F352C44C5DD004CB0BA /* Info.plist */,
			);
			path = EmojiKeyboardDemo;
			sourceTree = "<group>";
		};
		FA765F702C465E5B004CB0BA /* Resource */ = {
			isa = PBXGroup;
			children = (
				FA765F3B2C44C61B004CB0BA /* EmojiKeyboard.swift */,
				FA765F5A2C44F322004CB0BA /* EmojiKeyboardView.swift */,
				FA765F3C2C44C61B004CB0BA /* EmojiKeyboardView.xib */,
				FA765F6C2C46204F004CB0BA /* CustomInputAccessoryView.swift */,
				FA765F6E2C46205A004CB0BA /* CustomInputAccessoryView.xib */,
				FA765F562C44D0B4004CB0BA /* FlexibleTextView.swift */,
				FA765F442C44C807004CB0BA /* NibInstantiatable.swift */,
				FA765F582C44D165004CB0BA /* DisplayLinkHandler.swift */,
				FAEB257F2C4E441C0035AA29 /* Utils.swift */,
			);
			path = Resource;
			sourceTree = "<group>";
		};
		FAEB25262C4907470035AA29 /* GIF */ = {
			isa = PBXGroup;
			children = (
				FAEB25122C4907470035AA29 /* GIF.plist */,
				FAEB25132C4907470035AA29 /* img_00.gif */,
				FAEB25142C4907470035AA29 /* img_01.gif */,
				FAEB25152C4907470035AA29 /* img_02.gif */,
				FAEB25162C4907470035AA29 /* img_03.gif */,
				FAEB25172C4907470035AA29 /* img_04.gif */,
				FAEB25182C4907470035AA29 /* img_05.gif */,
				FAEB25192C4907470035AA29 /* img_06.gif */,
				FAEB251A2C4907470035AA29 /* img_07.gif */,
				FAEB251B2C4907470035AA29 /* img_08.gif */,
				FAEB251C2C4907470035AA29 /* img_09.gif */,
				FAEB251D2C4907470035AA29 /* img_010.gif */,
				FAEB251E2C4907470035AA29 /* img_011.gif */,
				FAEB251F2C4907470035AA29 /* img_012.gif */,
				FAEB25202C4907470035AA29 /* img_013.gif */,
				FAEB25212C4907470035AA29 /* img_014.gif */,
				FAEB25222C4907470035AA29 /* img_015.gif */,
				FAEB25232C4907470035AA29 /* img_016.gif */,
				FAEB25242C4907470035AA29 /* img_017.gif */,
				FAEB25252C4907470035AA29 /* img_018.gif */,
			);
			path = GIF;
			sourceTree = "<group>";
		};
		FAEB253B2C4907B50035AA29 /* WebP */ = {
			isa = PBXGroup;
			children = (
				FAEB25452C4907D70035AA29 /* em001.webp */,
				FAEB253C2C4907D60035AA29 /* em002.webp */,
				FAEB25412C4907D70035AA29 /* em003.webp */,
				FAEB25442C4907D70035AA29 /* em004.webp */,
				FAEB25432C4907D70035AA29 /* em005.webp */,
				FAEB253E2C4907D60035AA29 /* em006.webp */,
				FAEB253F2C4907D70035AA29 /* em007.webp */,
				FAEB253D2C4907D60035AA29 /* em008.webp */,
				FAEB25422C4907D70035AA29 /* em009.webp */,
				FAEB25402C4907D70035AA29 /* em010.webp */,
			);
			path = WebP;
			sourceTree = "<group>";
		};
/* End PBXGroup section */

/* Begin PBXNativeTarget section */
		FA765F232C44C5DA004CB0BA /* EmojiKeyboardDemo */ = {
			isa = PBXNativeTarget;
			buildConfigurationList = FA765F382C44C5DD004CB0BA /* Build configuration list for PBXNativeTarget "EmojiKeyboardDemo" */;
			buildPhases = (
				FA765F202C44C5DA004CB0BA /* Sources */,
				FA765F212C44C5DA004CB0BA /* Frameworks */,
				FA765F222C44C5DA004CB0BA /* Resources */,
			);
			buildRules = (
			);
			dependencies = (
			);
			name = EmojiKeyboardDemo;
			packageProductDependencies = (
				FA765F402C44C71C004CB0BA /* SDWebImage */,
				FA765F422C44C71C004CB0BA /* SDWebImageMapKit */,
				FA765F4F2C44C9CC004CB0BA /* KeyboardLayoutGuide */,
				FA765F522C44CBB5004CB0BA /* UIExtensions */,
				FAEB25512C4908D60035AA29 /* SDWebImageWebPCoder */,
				FAEB25822C4E48420035AA29 /* Algorithms */,
			);
			productName = EmojiKeyboardDemo;
			productReference = FA765F242C44C5DA004CB0BA /* EmojiKeyboardDemo.app */;
			productType = "com.apple.product-type.application";
		};
/* End PBXNativeTarget section */

/* Begin PBXProject section */
		FA765F1C2C44C5DA004CB0BA /* Project object */ = {
			isa = PBXProject;
			attributes = {
				BuildIndependentTargetsInParallel = 1;
				LastSwiftUpdateCheck = 1530;
				LastUpgradeCheck = 1530;
				TargetAttributes = {
					FA765F232C44C5DA004CB0BA = {
						CreatedOnToolsVersion = 15.3;
					};
				};
			};
			buildConfigurationList = FA765F1F2C44C5DA004CB0BA /* Build configuration list for PBXProject "EmojiKeyboardDemo" */;
			compatibilityVersion = "Xcode 14.0";
			developmentRegion = en;
			hasScannedForEncodings = 0;
			knownRegions = (
				en,
				Base,
			);
			mainGroup = FA765F1B2C44C5DA004CB0BA;
			packageReferences = (
				FA765F3F2C44C71C004CB0BA /* XCRemoteSwiftPackageReference "SDWebImage" */,
				FA765F4E2C44C9CC004CB0BA /* XCRemoteSwiftPackageReference "KeyboardLayoutGuide" */,
				FA765F512C44CBB5004CB0BA /* XCRemoteSwiftPackageReference "UIExtensions" */,
				FAEB25502C4908D60035AA29 /* XCRemoteSwiftPackageReference "SDWebImageWebPCoder" */,
				FAEB25812C4E48420035AA29 /* XCRemoteSwiftPackageReference "swift-algorithms" */,
			);
			productRefGroup = FA765F252C44C5DA004CB0BA /* Products */;
			projectDirPath = "";
			projectRoot = "";
			targets = (
				FA765F232C44C5DA004CB0BA /* EmojiKeyboardDemo */,
			);
		};
/* End PBXProject section */

/* Begin PBXResourcesBuildPhase section */
		FA765F222C44C5DA004CB0BA /* Resources */ = {
			isa = PBXResourcesBuildPhase;
			buildActionMask = 2147483647;
			files = (
				FAEB25352C4907470035AA29 /* img_013.gif in Resources */,
				FAEB25322C4907470035AA29 /* img_010.gif in Resources */,
				FAEB25292C4907470035AA29 /* img_01.gif in Resources */,
				FAEB254A2C4907D70035AA29 /* em010.webp in Resources */,
				FA765F552C44CD64004CB0BA /* Emojis.bundle in Resources */,
				FAEB25472C4907D70035AA29 /* em008.webp in Resources */,
				FAEB253A2C4907470035AA29 /* img_018.gif in Resources */,
				FAEB25302C4907470035AA29 /* img_08.gif in Resources */,
				FAEB25482C4907D70035AA29 /* em006.webp in Resources */,
				FA765F312C44C5DD004CB0BA /* Assets.xcassets in Resources */,
				FAEB25392C4907470035AA29 /* img_017.gif in Resources */,
				FAEB254B2C4907D70035AA29 /* em003.webp in Resources */,
				FAEB25282C4907470035AA29 /* img_00.gif in Resources */,
				FAEB25342C4907470035AA29 /* img_012.gif in Resources */,
				FAEB25332C4907470035AA29 /* img_011.gif in Resources */,
				FAEB252B2C4907470035AA29 /* img_03.gif in Resources */,
				FA765F342C44C5DD004CB0BA /* Base in Resources */,
				FAEB25462C4907D70035AA29 /* em002.webp in Resources */,
				FAEB252F2C4907470035AA29 /* img_07.gif in Resources */,
				FAEB252C2C4907470035AA29 /* img_04.gif in Resources */,
				FAEB254C2C4907D70035AA29 /* em009.webp in Resources */,
				FAEB25312C4907470035AA29 /* img_09.gif in Resources */,
				FA765F3E2C44C61B004CB0BA /* EmojiKeyboardView.xib in Resources */,
				FAEB252E2C4907470035AA29 /* img_06.gif in Resources */,
				FAEB25492C4907D70035AA29 /* em007.webp in Resources */,
				FAEB254D2C4907D70035AA29 /* em005.webp in Resources */,
				FAEB252A2C4907470035AA29 /* img_02.gif in Resources */,
				FA765F2F2C44C5DB004CB0BA /* Base in Resources */,
				FAEB25382C4907470035AA29 /* img_016.gif in Resources */,
				FAEB25372C4907470035AA29 /* img_015.gif in Resources */,
				FAEB252D2C4907470035AA29 /* img_05.gif in Resources */,
				FAEB254E2C4907D70035AA29 /* em004.webp in Resources */,
				FA765F6F2C46205A004CB0BA /* CustomInputAccessoryView.xib in Resources */,
				FAEB254F2C4907D70035AA29 /* em001.webp in Resources */,
				FAEB25362C4907470035AA29 /* img_014.gif in Resources */,
				FAEB25272C4907470035AA29 /* GIF.plist in Resources */,
			);
			runOnlyForDeploymentPostprocessing = 0;
		};
/* End PBXResourcesBuildPhase section */

/* Begin PBXSourcesBuildPhase section */
		FA765F202C44C5DA004CB0BA /* Sources */ = {
			isa = PBXSourcesBuildPhase;
			buildActionMask = 2147483647;
			files = (
				FA765F2C2C44C5DB004CB0BA /* ViewController.swift in Sources */,
				FAEB25802C4E441C0035AA29 /* Utils.swift in Sources */,
				FA765F282C44C5DA004CB0BA /* AppDelegate.swift in Sources */,
				FA765F452C44C807004CB0BA /* NibInstantiatable.swift in Sources */,
				FA765F6D2C46204F004CB0BA /* CustomInputAccessoryView.swift in Sources */,
				FA765F5B2C44F322004CB0BA /* EmojiKeyboardView.swift in Sources */,
				FA765F592C44D165004CB0BA /* DisplayLinkHandler.swift in Sources */,
				FA765F3D2C44C61B004CB0BA /* EmojiKeyboard.swift in Sources */,
				FA765F572C44D0B4004CB0BA /* FlexibleTextView.swift in Sources */,
			);
			runOnlyForDeploymentPostprocessing = 0;
		};
/* End PBXSourcesBuildPhase section */

/* Begin PBXVariantGroup section */
		FA765F2D2C44C5DB004CB0BA /* Main.storyboard */ = {
			isa = PBXVariantGroup;
			children = (
				FA765F2E2C44C5DB004CB0BA /* Base */,
			);
			name = Main.storyboard;
			sourceTree = "<group>";
		};
		FA765F322C44C5DD004CB0BA /* LaunchScreen.storyboard */ = {
			isa = PBXVariantGroup;
			children = (
				FA765F332C44C5DD004CB0BA /* Base */,
			);
			name = LaunchScreen.storyboard;
			sourceTree = "<group>";
		};
/* End PBXVariantGroup section */

/* Begin XCBuildConfiguration section */
		FA765F362C44C5DD004CB0BA /* Debug */ = {
			isa = XCBuildConfiguration;
			buildSettings = {
				ALWAYS_SEARCH_USER_PATHS = NO;
				ASSETCATALOG_COMPILER_GENERATE_SWIFT_ASSET_SYMBOL_EXTENSIONS = YES;
				CLANG_ANALYZER_NONNULL = YES;
				CLANG_ANALYZER_NUMBER_OBJECT_CONVERSION = YES_AGGRESSIVE;
				CLANG_CXX_LANGUAGE_STANDARD = "gnu++20";
				CLANG_ENABLE_MODULES = YES;
				CLANG_ENABLE_OBJC_ARC = YES;
				CLANG_ENABLE_OBJC_WEAK = YES;
				CLANG_WARN_BLOCK_CAPTURE_AUTORELEASING = YES;
				CLANG_WARN_BOOL_CONVERSION = YES;
				CLANG_WARN_COMMA = YES;
				CLANG_WARN_CONSTANT_CONVERSION = YES;
				CLANG_WARN_DEPRECATED_OBJC_IMPLEMENTATIONS = YES;
				CLANG_WARN_DIRECT_OBJC_ISA_USAGE = YES_ERROR;
				CLANG_WARN_DOCUMENTATION_COMMENTS = YES;
				CLANG_WARN_EMPTY_BODY = YES;
				CLANG_WARN_ENUM_CONVERSION = YES;
				CLANG_WARN_INFINITE_RECURSION = YES;
				CLANG_WARN_INT_CONVERSION = YES;
				CLANG_WARN_NON_LITERAL_NULL_CONVERSION = YES;
				CLANG_WARN_OBJC_IMPLICIT_RETAIN_SELF = YES;
				CLANG_WARN_OBJC_LITERAL_CONVERSION = YES;
				CLANG_WARN_OBJC_ROOT_CLASS = YES_ERROR;
				CLANG_WARN_QUOTED_INCLUDE_IN_FRAMEWORK_HEADER = YES;
				CLANG_WARN_RANGE_LOOP_ANALYSIS = YES;
				CLANG_WARN_STRICT_PROTOTYPES = YES;
				CLANG_WARN_SUSPICIOUS_MOVE = YES;
				CLANG_WARN_UNGUARDED_AVAILABILITY = YES_AGGRESSIVE;
				CLANG_WARN_UNREACHABLE_CODE = YES;
				CLANG_WARN__DUPLICATE_METHOD_MATCH = YES;
				COPY_PHASE_STRIP = NO;
				DEBUG_INFORMATION_FORMAT = dwarf;
				ENABLE_STRICT_OBJC_MSGSEND = YES;
				ENABLE_TESTABILITY = YES;
				ENABLE_USER_SCRIPT_SANDBOXING = YES;
				GCC_C_LANGUAGE_STANDARD = gnu17;
				GCC_DYNAMIC_NO_PIC = NO;
				GCC_NO_COMMON_BLOCKS = YES;
				GCC_OPTIMIZATION_LEVEL = 0;
				GCC_PREPROCESSOR_DEFINITIONS = (
					"DEBUG=1",
					"$(inherited)",
				);
				GCC_WARN_64_TO_32_BIT_CONVERSION = YES;
				GCC_WARN_ABOUT_RETURN_TYPE = YES_ERROR;
				GCC_WARN_UNDECLARED_SELECTOR = YES;
				GCC_WARN_UNINITIALIZED_AUTOS = YES_AGGRESSIVE;
				GCC_WARN_UNUSED_FUNCTION = YES;
				GCC_WARN_UNUSED_VARIABLE = YES;
				IPHONEOS_DEPLOYMENT_TARGET = 14.0;
				LOCALIZATION_PREFERS_STRING_CATALOGS = YES;
				MTL_ENABLE_DEBUG_INFO = INCLUDE_SOURCE;
				MTL_FAST_MATH = YES;
				ONLY_ACTIVE_ARCH = YES;
				SDKROOT = iphoneos;
				SWIFT_ACTIVE_COMPILATION_CONDITIONS = "DEBUG $(inherited)";
				SWIFT_OPTIMIZATION_LEVEL = "-Onone";
			};
			name = Debug;
		};
		FA765F372C44C5DD004CB0BA /* Release */ = {
			isa = XCBuildConfiguration;
			buildSettings = {
				ALWAYS_SEARCH_USER_PATHS = NO;
				ASSETCATALOG_COMPILER_GENERATE_SWIFT_ASSET_SYMBOL_EXTENSIONS = YES;
				CLANG_ANALYZER_NONNULL = YES;
				CLANG_ANALYZER_NUMBER_OBJECT_CONVERSION = YES_AGGRESSIVE;
				CLANG_CXX_LANGUAGE_STANDARD = "gnu++20";
				CLANG_ENABLE_MODULES = YES;
				CLANG_ENABLE_OBJC_ARC = YES;
				CLANG_ENABLE_OBJC_WEAK = YES;
				CLANG_WARN_BLOCK_CAPTURE_AUTORELEASING = YES;
				CLANG_WARN_BOOL_CONVERSION = YES;
				CLANG_WARN_COMMA = YES;
				CLANG_WARN_CONSTANT_CONVERSION = YES;
				CLANG_WARN_DEPRECATED_OBJC_IMPLEMENTATIONS = YES;
				CLANG_WARN_DIRECT_OBJC_ISA_USAGE = YES_ERROR;
				CLANG_WARN_DOCUMENTATION_COMMENTS = YES;
				CLANG_WARN_EMPTY_BODY = YES;
				CLANG_WARN_ENUM_CONVERSION = YES;
				CLANG_WARN_INFINITE_RECURSION = YES;
				CLANG_WARN_INT_CONVERSION = YES;
				CLANG_WARN_NON_LITERAL_NULL_CONVERSION = YES;
				CLANG_WARN_OBJC_IMPLICIT_RETAIN_SELF = YES;
				CLANG_WARN_OBJC_LITERAL_CONVERSION = YES;
				CLANG_WARN_OBJC_ROOT_CLASS = YES_ERROR;
				CLANG_WARN_QUOTED_INCLUDE_IN_FRAMEWORK_HEADER = YES;
				CLANG_WARN_RANGE_LOOP_ANALYSIS = YES;
				CLANG_WARN_STRICT_PROTOTYPES = YES;
				CLANG_WARN_SUSPICIOUS_MOVE = YES;
				CLANG_WARN_UNGUARDED_AVAILABILITY = YES_AGGRESSIVE;
				CLANG_WARN_UNREACHABLE_CODE = YES;
				CLANG_WARN__DUPLICATE_METHOD_MATCH = YES;
				COPY_PHASE_STRIP = NO;
				DEBUG_INFORMATION_FORMAT = "dwarf-with-dsym";
				ENABLE_NS_ASSERTIONS = NO;
				ENABLE_STRICT_OBJC_MSGSEND = YES;
				ENABLE_USER_SCRIPT_SANDBOXING = YES;
				GCC_C_LANGUAGE_STANDARD = gnu17;
				GCC_NO_COMMON_BLOCKS = YES;
				GCC_WARN_64_TO_32_BIT_CONVERSION = YES;
				GCC_WARN_ABOUT_RETURN_TYPE = YES_ERROR;
				GCC_WARN_UNDECLARED_SELECTOR = YES;
				GCC_WARN_UNINITIALIZED_AUTOS = YES_AGGRESSIVE;
				GCC_WARN_UNUSED_FUNCTION = YES;
				GCC_WARN_UNUSED_VARIABLE = YES;
				IPHONEOS_DEPLOYMENT_TARGET = 14.0;
				LOCALIZATION_PREFERS_STRING_CATALOGS = YES;
				MTL_ENABLE_DEBUG_INFO = NO;
				MTL_FAST_MATH = YES;
				SDKROOT = iphoneos;
				SWIFT_COMPILATION_MODE = wholemodule;
				VALIDATE_PRODUCT = YES;
			};
			name = Release;
		};
		FA765F392C44C5DD004CB0BA /* Debug */ = {
			isa = XCBuildConfiguration;
			buildSettings = {
				ASSETCATALOG_COMPILER_APPICON_NAME = AppIcon;
				ASSETCATALOG_COMPILER_GLOBAL_ACCENT_COLOR_NAME = AccentColor;
				CODE_SIGN_STYLE = Automatic;
				CURRENT_PROJECT_VERSION = 1;
				DEVELOPMENT_TEAM = DDPY9JD4B3;
				GENERATE_INFOPLIST_FILE = YES;
				INFOPLIST_FILE = EmojiKeyboardDemo/Info.plist;
				INFOPLIST_KEY_UIApplicationSupportsIndirectInputEvents = YES;
				INFOPLIST_KEY_UILaunchStoryboardName = LaunchScreen;
				INFOPLIST_KEY_UIMainStoryboardFile = Main;
				INFOPLIST_KEY_UISupportedInterfaceOrientations_iPad = "UIInterfaceOrientationPortrait UIInterfaceOrientationPortraitUpsideDown UIInterfaceOrientationLandscapeLeft UIInterfaceOrientationLandscapeRight";
				INFOPLIST_KEY_UISupportedInterfaceOrientations_iPhone = "UIInterfaceOrientationPortrait UIInterfaceOrientationLandscapeLeft UIInterfaceOrientationLandscapeRight";
				LD_RUNPATH_SEARCH_PATHS = (
					"$(inherited)",
					"@executable_path/Frameworks",
				);
				MARKETING_VERSION = 1.0;
				PRODUCT_BUNDLE_IDENTIFIER = liwenxiu.EmojiKeyboardDemo;
				PRODUCT_NAME = "$(TARGET_NAME)";
				SWIFT_EMIT_LOC_STRINGS = YES;
				SWIFT_VERSION = 5.0;
				TARGETED_DEVICE_FAMILY = "1,2";
			};
			name = Debug;
		};
		FA765F3A2C44C5DD004CB0BA /* Release */ = {
			isa = XCBuildConfiguration;
			buildSettings = {
				ASSETCATALOG_COMPILER_APPICON_NAME = AppIcon;
				ASSETCATALOG_COMPILER_GLOBAL_ACCENT_COLOR_NAME = AccentColor;
				CODE_SIGN_STYLE = Automatic;
				CURRENT_PROJECT_VERSION = 1;
				DEVELOPMENT_TEAM = DDPY9JD4B3;
				GENERATE_INFOPLIST_FILE = YES;
				INFOPLIST_FILE = EmojiKeyboardDemo/Info.plist;
				INFOPLIST_KEY_UIApplicationSupportsIndirectInputEvents = YES;
				INFOPLIST_KEY_UILaunchStoryboardName = LaunchScreen;
				INFOPLIST_KEY_UIMainStoryboardFile = Main;
				INFOPLIST_KEY_UISupportedInterfaceOrientations_iPad = "UIInterfaceOrientationPortrait UIInterfaceOrientationPortraitUpsideDown UIInterfaceOrientationLandscapeLeft UIInterfaceOrientationLandscapeRight";
				INFOPLIST_KEY_UISupportedInterfaceOrientations_iPhone = "UIInterfaceOrientationPortrait UIInterfaceOrientationLandscapeLeft UIInterfaceOrientationLandscapeRight";
				LD_RUNPATH_SEARCH_PATHS = (
					"$(inherited)",
					"@executable_path/Frameworks",
				);
				MARKETING_VERSION = 1.0;
				PRODUCT_BUNDLE_IDENTIFIER = liwenxiu.EmojiKeyboardDemo;
				PRODUCT_NAME = "$(TARGET_NAME)";
				SWIFT_EMIT_LOC_STRINGS = YES;
				SWIFT_VERSION = 5.0;
				TARGETED_DEVICE_FAMILY = "1,2";
			};
			name = Release;
		};
/* End XCBuildConfiguration section */

/* Begin XCConfigurationList section */
		FA765F1F2C44C5DA004CB0BA /* Build configuration list for PBXProject "EmojiKeyboardDemo" */ = {
			isa = XCConfigurationList;
			buildConfigurations = (
				FA765F362C44C5DD004CB0BA /* Debug */,
				FA765F372C44C5DD004CB0BA /* Release */,
			);
			defaultConfigurationIsVisible = 0;
			defaultConfigurationName = Release;
		};
		FA765F382C44C5DD004CB0BA /* Build configuration list for PBXNativeTarget "EmojiKeyboardDemo" */ = {
			isa = XCConfigurationList;
			buildConfigurations = (
				FA765F392C44C5DD004CB0BA /* Debug */,
				FA765F3A2C44C5DD004CB0BA /* Release */,
			);
			defaultConfigurationIsVisible = 0;
			defaultConfigurationName = Release;
		};
/* End XCConfigurationList section */

/* Begin XCRemoteSwiftPackageReference section */
		FA765F3F2C44C71C004CB0BA /* XCRemoteSwiftPackageReference "SDWebImage" */ = {
			isa = XCRemoteSwiftPackageReference;
			repositoryURL = "https://github.com/SDWebImage/SDWebImage.git";
			requirement = {
				kind = upToNextMajorVersion;
				minimumVersion = 5.19.4;
			};
		};
		FA765F4E2C44C9CC004CB0BA /* XCRemoteSwiftPackageReference "KeyboardLayoutGuide" */ = {
			isa = XCRemoteSwiftPackageReference;
			repositoryURL = "https://github.com/freshOS/KeyboardLayoutGuide";
			requirement = {
				kind = upToNextMajorVersion;
				minimumVersion = 1.8.0;
			};
		};
		FA765F512C44CBB5004CB0BA /* XCRemoteSwiftPackageReference "UIExtensions" */ = {
			isa = XCRemoteSwiftPackageReference;
			repositoryURL = "https://xcodeserver:HR4e_BYF1yRqeJYZnRLF@git.wemomo.com/meteor/iOS/UIExtensions.git";
			requirement = {
				kind = upToNextMajorVersion;
				minimumVersion = 0.0.11;
			};
		};
		FAEB25502C4908D60035AA29 /* XCRemoteSwiftPackageReference "SDWebImageWebPCoder" */ = {
			isa = XCRemoteSwiftPackageReference;
			repositoryURL = "https://github.com/SDWebImage/SDWebImageWebPCoder.git";
			requirement = {
				kind = upToNextMajorVersion;
				minimumVersion = 0.14.6;
			};
		};
		FAEB25812C4E48420035AA29 /* XCRemoteSwiftPackageReference "swift-algorithms" */ = {
			isa = XCRemoteSwiftPackageReference;
			repositoryURL = "https://github.com/apple/swift-algorithms.git";
			requirement = {
				kind = upToNextMajorVersion;
				minimumVersion = 1.2.0;
			};
		};
/* End XCRemoteSwiftPackageReference section */

/* Begin XCSwiftPackageProductDependency section */
		FA765F402C44C71C004CB0BA /* SDWebImage */ = {
			isa = XCSwiftPackageProductDependency;
			package = FA765F3F2C44C71C004CB0BA /* XCRemoteSwiftPackageReference "SDWebImage" */;
			productName = SDWebImage;
		};
		FA765F422C44C71C004CB0BA /* SDWebImageMapKit */ = {
			isa = XCSwiftPackageProductDependency;
			package = FA765F3F2C44C71C004CB0BA /* XCRemoteSwiftPackageReference "SDWebImage" */;
			productName = SDWebImageMapKit;
		};
		FA765F4F2C44C9CC004CB0BA /* KeyboardLayoutGuide */ = {
			isa = XCSwiftPackageProductDependency;
			package = FA765F4E2C44C9CC004CB0BA /* XCRemoteSwiftPackageReference "KeyboardLayoutGuide" */;
			productName = KeyboardLayoutGuide;
		};
		FA765F522C44CBB5004CB0BA /* UIExtensions */ = {
			isa = XCSwiftPackageProductDependency;
			package = FA765F512C44CBB5004CB0BA /* XCRemoteSwiftPackageReference "UIExtensions" */;
			productName = UIExtensions;
		};
		FAEB25512C4908D60035AA29 /* SDWebImageWebPCoder */ = {
			isa = XCSwiftPackageProductDependency;
			package = FAEB25502C4908D60035AA29 /* XCRemoteSwiftPackageReference "SDWebImageWebPCoder" */;
			productName = SDWebImageWebPCoder;
		};
		FAEB25822C4E48420035AA29 /* Algorithms */ = {
			isa = XCSwiftPackageProductDependency;
			package = FAEB25812C4E48420035AA29 /* XCRemoteSwiftPackageReference "swift-algorithms" */;
			productName = Algorithms;
		};
/* End XCSwiftPackageProductDependency section */
	};
	rootObject = FA765F1C2C44C5DA004CB0BA /* Project object */;
}
